
Microsoft Visual Studio Solution File, Format Version 12.00
# Visual Studio Version 17
VisualStudioVersion = 17.5.33502.453
MinimumVisualStudioVersion = 10.0.40219.1
Project("{9A19103F-16F7-4668-BE54-9A1E7A4F7556}") = "CompanyClaims", "CompanyClaims\CompanyClaims.csproj", "{20388881-29AE-4CA2-8E4F-E20FF10EFCE8}"
EndProject
Project("{FAE04EC0-301F-11D3-BF4B-00C04F79EFBC}") = "DataLayer", "DataLayer\DataLayer.csproj", "{A4C19D75-91AB-4B90-B1C4-876092B09036}"
EndProject
Global
	GlobalSection(SolutionConfigurationPlatforms) = preSolution
		Debug|Any CPU = Debug|Any CPU
		Release|Any CPU = Release|Any CPU
	EndGlobalSection
	GlobalSection(ProjectConfigurationPlatforms) = postSolution
		{20388881-29AE-4CA2-8E4F-E20FF10EFCE8}.Debug|Any CPU.ActiveCfg = Debug|Any CPU
		{20388881-29AE-4CA2-8E4F-E20FF10EFCE8}.Debug|Any CPU.Build.0 = Debug|Any CPU
		{20388881-29AE-4CA2-8E4F-E20FF10EFCE8}.Release|Any CPU.ActiveCfg = Release|Any CPU
		{20388881-29AE-4CA2-8E4F-E20FF10EFCE8}.Release|Any CPU.Build.0 = Release|Any CPU
		{A4C19D75-91AB-4B90-B1C4-876092B09036}.Debug|Any CPU.ActiveCfg = Debug|Any CPU
		{A4C19D75-91AB-4B90-B1C4-876092B09036}.Debug|Any CPU.Build.0 = Debug|Any CPU
		{A4C19D75-91AB-4B90-B1C4-876092B09036}.Release|Any CPU.ActiveCfg = Release|Any CPU
		{A4C19D75-91AB-4B90-B1C4-876092B09036}.Release|Any CPU.Build.0 = Release|Any CPU
	EndGlobalSection
	GlobalSection(SolutionProperties) = preSolution
		HideSolutionNode = FALSE
	EndGlobalSection
	GlobalSection(ExtensibilityGlobals) = postSolution
		SolutionGuid = {1E7A8621-1231-453A-AA57-966D68B082A4}
	EndGlobalSection
EndGlobal
